// !$*UTF8*$!
{
	archiveVersion = 1;
	classes = {
	};
	objectVersion = 70;
	objects = {

/* Begin PBXBuildFile section */
		253BB89E2ED1EB2B000D30CC /* TimetableEntry.swift in Sources */ = {isa = PBXBuildFile; fileRef = 253BB89D2ED1EB2B000D30CC /* TimetableEntry.swift */; };
		253BB89F2ED1EB2B000D30CC /* TimetableEntry.swift in Sources */ = {isa = PBXBuildFile; fileRef = 253BB89D2ED1EB2B000D30CC /* TimetableEntry.swift */; };
		253BB8A92ED1EB3E000D30CC /* TimelineBuilder.swift in Sources */ = {isa = PBXBuildFile; fileRef = 253BB8A02ED1EB3E000D30CC /* TimelineBuilder.swift */; };
		253BB8AA2ED1EB3E000D30CC /* SystemSmallWidgetView.swift in Sources */ = {isa = PBXBuildFile; fileRef = 253BB8A62ED1EB3E000D30CC /* SystemSmallWidgetView.swift */; };
		253BB8AB2ED1EB3E000D30CC /* RectangularWidgetView.swift in Sources */ = {isa = PBXBuildFile; fileRef = 253BB8A52ED1EB3E000D30CC /* RectangularWidgetView.swift */; };
		253BB8AC2ED1EB3E000D30CC /* EmptyStateView.swift in Sources */ = {isa = PBXBuildFile; fileRef = 253BB8A32ED1EB3E000D30CC /* EmptyStateView.swift */; };
		253BB8AD2ED1EB3E000D30CC /* InlineWidgetView.swift in Sources */ = {isa = PBXBuildFile; fileRef = 253BB8A42ED1EB3E000D30CC /* InlineWidgetView.swift */; };
		253BB8AE2ED1EB3E000D30CC /* WidgetViewFormatters.swift in Sources */ = {isa = PBXBuildFile; fileRef = 253BB8A72ED1EB3E000D30CC /* WidgetViewFormatters.swift */; };
		253BB8AF2ED1EB3E000D30CC /* WidgetTimelineProvider.swift in Sources */ = {isa = PBXBuildFile; fileRef = 253BB8A12ED1EB3E000D30CC /* WidgetTimelineProvider.swift */; };
		2542B3262EC3D25B002492BC /* LocationManager.swift in Sources */ = {isa = PBXBuildFile; fileRef = 2542B3252EC3D25B002492BC /* LocationManager.swift */; };
		2542B3272EC3D25B002492BC /* FavoritesManager.swift in Sources */ = {isa = PBXBuildFile; fileRef = 2542B3242EC3D25B002492BC /* FavoritesManager.swift */; };
		2542B3292EC3D25B002492BC /* FavoritesManager.swift in Sources */ = {isa = PBXBuildFile; fileRef = 2542B3242EC3D25B002492BC /* FavoritesManager.swift */; };
		2542B3302EC5ACC8002492BC /* HeadsignPreloader.swift in Sources */ = {isa = PBXBuildFile; fileRef = 2542B32F2EC5ACC8002492BC /* HeadsignPreloader.swift */; };
		2542B3312EC5ACC8002492BC /* HeadsignCache.swift in Sources */ = {isa = PBXBuildFile; fileRef = 2542B32E2EC5ACC8002492BC /* HeadsignCache.swift */; };
		25979FDD2ED3201700D81D27 /* SharedLocationReader.swift in Sources */ = {isa = PBXBuildFile; fileRef = 25979FDC2ED3201700D81D27 /* SharedLocationReader.swift */; };
		25979FDE2ED3201700D81D27 /* SharedLocationReader.swift in Sources */ = {isa = PBXBuildFile; fileRef = 25979FDC2ED3201700D81D27 /* SharedLocationReader.swift */; };
		25979FDF2ED3201700D81D27 /* SharedLocationReader.swift in Sources */ = {isa = PBXBuildFile; fileRef = 25979FDC2ED3201700D81D27 /* SharedLocationReader.swift */; };
		25979FE02ED3211F00D81D27 /* StopsQueryResponse.swift in Sources */ = {isa = PBXBuildFile; fileRef = 25FA042B2BEB32E70052A577 /* StopsQueryResponse.swift */; };
		2597A02B2ED36EFC00D81D27 /* WidgetKit.framework in Frameworks */ = {isa = PBXBuildFile; fileRef = 25D19E6B2BE755310055E70E /* WidgetKit.framework */; };
		2597A0392ED36FA300D81D27 /* TimelineBuilder.swift in Sources */ = {isa = PBXBuildFile; fileRef = 253BB8A02ED1EB3E000D30CC /* TimelineBuilder.swift */; };
		2597A03A2ED36FA300D81D27 /* WidgetTimelineProvider.swift in Sources */ = {isa = PBXBuildFile; fileRef = 253BB8A12ED1EB3E000D30CC /* WidgetTimelineProvider.swift */; };
		2597A03B2ED36FB500D81D27 /* HeadsignPreloader.swift in Sources */ = {isa = PBXBuildFile; fileRef = 2542B32F2EC5ACC8002492BC /* HeadsignPreloader.swift */; };
		2597A03C2ED36FB500D81D27 /* SharedLocationReader.swift in Sources */ = {isa = PBXBuildFile; fileRef = 25979FDC2ED3201700D81D27 /* SharedLocationReader.swift */; };
		2597A03D2ED36FB500D81D27 /* TimetableEntry.swift in Sources */ = {isa = PBXBuildFile; fileRef = 253BB89D2ED1EB2B000D30CC /* TimetableEntry.swift */; };
		2597A03E2ED36FB500D81D27 /* FavoritesManager.swift in Sources */ = {isa = PBXBuildFile; fileRef = 2542B3242EC3D25B002492BC /* FavoritesManager.swift */; };
		2597A03F2ED36FB500D81D27 /* HeadsignCache.swift in Sources */ = {isa = PBXBuildFile; fileRef = 2542B32E2EC5ACC8002492BC /* HeadsignCache.swift */; };
		2597A0402ED36FB500D81D27 /* LocationManager.swift in Sources */ = {isa = PBXBuildFile; fileRef = 2542B3252EC3D25B002492BC /* LocationManager.swift */; };
		2597A0412ED36FB500D81D27 /* Departure.swift in Sources */ = {isa = PBXBuildFile; fileRef = 25D19E842BE79FFA0055E70E /* Departure.swift */; };
		2597A0422ED36FB500D81D27 /* Stop.swift in Sources */ = {isa = PBXBuildFile; fileRef = 25FA04142BE7CB890052A577 /* Stop.swift */; };
		2597A0432ED36FBE00D81D27 /* DepartureTimesQueryResponse.swift in Sources */ = {isa = PBXBuildFile; fileRef = 25FA041A2BE7DC130052A577 /* DepartureTimesQueryResponse.swift */; };
		2597A0442ED36FBE00D81D27 /* StopsQueryResponse.swift in Sources */ = {isa = PBXBuildFile; fileRef = 25FA042B2BEB32E70052A577 /* StopsQueryResponse.swift */; };
		2597A0452ED36FBE00D81D27 /* HslApi.swift in Sources */ = {isa = PBXBuildFile; fileRef = 25FA041C2BE7F5990052A577 /* HslApi.swift */; };
		2597A0462ED36FDD00D81D27 /* WidgetViewFormatters.swift in Sources */ = {isa = PBXBuildFile; fileRef = 253BB8A72ED1EB3E000D30CC /* WidgetViewFormatters.swift */; };
		2597A0472ED36FDD00D81D27 /* EmptyStateView.swift in Sources */ = {isa = PBXBuildFile; fileRef = 253BB8A32ED1EB3E000D30CC /* EmptyStateView.swift */; };
		2597A0482ED36FDD00D81D27 /* InlineWidgetView.swift in Sources */ = {isa = PBXBuildFile; fileRef = 253BB8A42ED1EB3E000D30CC /* InlineWidgetView.swift */; };
		2597A0492ED36FDD00D81D27 /* RectangularWidgetView.swift in Sources */ = {isa = PBXBuildFile; fileRef = 253BB8A52ED1EB3E000D30CC /* RectangularWidgetView.swift */; };
		2597A04A2ED36FDD00D81D27 /* SystemSmallWidgetView.swift in Sources */ = {isa = PBXBuildFile; fileRef = 253BB8A62ED1EB3E000D30CC /* SystemSmallWidgetView.swift */; };
		25D19E582BE600920055E70E /* HslWidgetApp.swift in Sources */ = {isa = PBXBuildFile; fileRef = 25D19E572BE600920055E70E /* HslWidgetApp.swift */; };
		25D19E5C2BE600930055E70E /* Assets.xcassets in Resources */ = {isa = PBXBuildFile; fileRef = 25D19E5B2BE600930055E70E /* Assets.xcassets */; };
		25D19E5F2BE600930055E70E /* Preview Assets.xcassets in Resources */ = {isa = PBXBuildFile; fileRef = 25D19E5E2BE600930055E70E /* Preview Assets.xcassets */; };
		25D19E6C2BE755310055E70E /* WidgetKit.framework in Frameworks */ = {isa = PBXBuildFile; fileRef = 25D19E6B2BE755310055E70E /* WidgetKit.framework */; };
		25D19E6E2BE755310055E70E /* SwiftUI.framework in Frameworks */ = {isa = PBXBuildFile; fileRef = 25D19E6D2BE755310055E70E /* SwiftUI.framework */; };
		25D19E712BE755310055E70E /* stopInfoBundle.swift in Sources */ = {isa = PBXBuildFile; fileRef = 25D19E702BE755310055E70E /* stopInfoBundle.swift */; };
		25D19E732BE755310055E70E /* stopInfo.swift in Sources */ = {isa = PBXBuildFile; fileRef = 25D19E722BE755310055E70E /* stopInfo.swift */; };
		25D19E752BE755320055E70E /* Assets.xcassets in Resources */ = {isa = PBXBuildFile; fileRef = 25D19E742BE755320055E70E /* Assets.xcassets */; };
		25D19E792BE755320055E70E /* stopInfoExtension.appex in Embed Foundation Extensions */ = {isa = PBXBuildFile; fileRef = 25D19E692BE755310055E70E /* stopInfoExtension.appex */; settings = {ATTRIBUTES = (RemoveHeadersOnCopy, ); }; };
		25D19E852BE79FFA0055E70E /* Departure.swift in Sources */ = {isa = PBXBuildFile; fileRef = 25D19E842BE79FFA0055E70E /* Departure.swift */; };
		25D19E862BE79FFA0055E70E /* Departure.swift in Sources */ = {isa = PBXBuildFile; fileRef = 25D19E842BE79FFA0055E70E /* Departure.swift */; };
		25FA04152BE7CB890052A577 /* Stop.swift in Sources */ = {isa = PBXBuildFile; fileRef = 25FA04142BE7CB890052A577 /* Stop.swift */; };
		25FA041B2BE7DC130052A577 /* DepartureTimesQueryResponse.swift in Sources */ = {isa = PBXBuildFile; fileRef = 25FA041A2BE7DC130052A577 /* DepartureTimesQueryResponse.swift */; };
		25FA041D2BE7F5990052A577 /* HslApi.swift in Sources */ = {isa = PBXBuildFile; fileRef = 25FA041C2BE7F5990052A577 /* HslApi.swift */; };
		25FA04222BEA14010052A577 /* HslApi.swift in Sources */ = {isa = PBXBuildFile; fileRef = 25FA041C2BE7F5990052A577 /* HslApi.swift */; };
		25FA04242BEA16AB0052A577 /* DepartureTimesQueryResponse.swift in Sources */ = {isa = PBXBuildFile; fileRef = 25FA041A2BE7DC130052A577 /* DepartureTimesQueryResponse.swift */; };
		25FA04272BEA16ED0052A577 /* Stop.swift in Sources */ = {isa = PBXBuildFile; fileRef = 25FA04142BE7CB890052A577 /* Stop.swift */; };
		25FA042C2BEB32E70052A577 /* StopsQueryResponse.swift in Sources */ = {isa = PBXBuildFile; fileRef = 25FA042B2BEB32E70052A577 /* StopsQueryResponse.swift */; };
/* End PBXBuildFile section */

/* Begin PBXContainerItemProxy section */
		2542B33E2EC89D01002492BC /* PBXContainerItemProxy */ = {
			isa = PBXContainerItemProxy;
			containerPortal = 25D19E4C2BE600920055E70E /* Project object */;
			proxyType = 1;
			remoteGlobalIDString = 25D19E532BE600920055E70E;
			remoteInfo = HslWidget;
		};
		2597A0112ED36EB000D81D27 /* PBXContainerItemProxy */ = {
			isa = PBXContainerItemProxy;
			containerPortal = 25D19E4C2BE600920055E70E /* Project object */;
			proxyType = 1;
			remoteGlobalIDString = 2597A0002ED36EAF00D81D27;
			remoteInfo = WidgetDebugger;
		};
		2597A01B2ED36EB000D81D27 /* PBXContainerItemProxy */ = {
			isa = PBXContainerItemProxy;
			containerPortal = 25D19E4C2BE600920055E70E /* Project object */;
			proxyType = 1;
			remoteGlobalIDString = 2597A0002ED36EAF00D81D27;
			remoteInfo = WidgetDebugger;
		};
		25D19E772BE755320055E70E /* PBXContainerItemProxy */ = {
			isa = PBXContainerItemProxy;
			containerPortal = 25D19E4C2BE600920055E70E /* Project object */;
			proxyType = 1;
			remoteGlobalIDString = 25D19E682BE755310055E70E;
			remoteInfo = stopInfoExtension;
		};
/* End PBXContainerItemProxy section */

/* Begin PBXCopyFilesBuildPhase section */
		25D19E7D2BE755320055E70E /* Embed Foundation Extensions */ = {
			isa = PBXCopyFilesBuildPhase;
			buildActionMask = 2147483647;
			dstPath = "";
			dstSubfolderSpec = 13;
			files = (
				25D19E792BE755320055E70E /* stopInfoExtension.appex in Embed Foundation Extensions */,
			);
			name = "Embed Foundation Extensions";
			runOnlyForDeploymentPostprocessing = 0;
		};
/* End PBXCopyFilesBuildPhase section */

/* Begin PBXFileReference section */
		253BB89D2ED1EB2B000D30CC /* TimetableEntry.swift */ = {isa = PBXFileReference; lastKnownFileType = sourcecode.swift; path = TimetableEntry.swift; sourceTree = "<group>"; };
		253BB8A02ED1EB3E000D30CC /* TimelineBuilder.swift */ = {isa = PBXFileReference; lastKnownFileType = sourcecode.swift; path = TimelineBuilder.swift; sourceTree = "<group>"; };
		253BB8A12ED1EB3E000D30CC /* WidgetTimelineProvider.swift */ = {isa = PBXFileReference; lastKnownFileType = sourcecode.swift; path = WidgetTimelineProvider.swift; sourceTree = "<group>"; };
		253BB8A32ED1EB3E000D30CC /* EmptyStateView.swift */ = {isa = PBXFileReference; lastKnownFileType = sourcecode.swift; path = EmptyStateView.swift; sourceTree = "<group>"; };
		253BB8A42ED1EB3E000D30CC /* InlineWidgetView.swift */ = {isa = PBXFileReference; lastKnownFileType = sourcecode.swift; path = InlineWidgetView.swift; sourceTree = "<group>"; };
		253BB8A52ED1EB3E000D30CC /* RectangularWidgetView.swift */ = {isa = PBXFileReference; lastKnownFileType = sourcecode.swift; path = RectangularWidgetView.swift; sourceTree = "<group>"; };
		253BB8A62ED1EB3E000D30CC /* SystemSmallWidgetView.swift */ = {isa = PBXFileReference; lastKnownFileType = sourcecode.swift; path = SystemSmallWidgetView.swift; sourceTree = "<group>"; };
		253BB8A72ED1EB3E000D30CC /* WidgetViewFormatters.swift */ = {isa = PBXFileReference; lastKnownFileType = sourcecode.swift; path = WidgetViewFormatters.swift; sourceTree = "<group>"; };
		2542B3242EC3D25B002492BC /* FavoritesManager.swift */ = {isa = PBXFileReference; lastKnownFileType = sourcecode.swift; path = FavoritesManager.swift; sourceTree = "<group>"; };
		2542B3252EC3D25B002492BC /* LocationManager.swift */ = {isa = PBXFileReference; lastKnownFileType = sourcecode.swift; path = LocationManager.swift; sourceTree = "<group>"; };
		2542B32E2EC5ACC8002492BC /* HeadsignCache.swift */ = {isa = PBXFileReference; lastKnownFileType = sourcecode.swift; path = HeadsignCache.swift; sourceTree = "<group>"; };
		2542B32F2EC5ACC8002492BC /* HeadsignPreloader.swift */ = {isa = PBXFileReference; lastKnownFileType = sourcecode.swift; path = HeadsignPreloader.swift; sourceTree = "<group>"; };
		2542B3332EC8594F002492BC /* Config.xcconfig */ = {isa = PBXFileReference; lastKnownFileType = text.xcconfig; path = Config.xcconfig; sourceTree = "<group>"; };
		2542B33A2EC89D01002492BC /* HslWidgetTests.xctest */ = {isa = PBXFileReference; explicitFileType = wrapper.cfbundle; includeInIndex = 0; path = HslWidgetTests.xctest; sourceTree = BUILT_PRODUCTS_DIR; };
		25979FDC2ED3201700D81D27 /* SharedLocationReader.swift */ = {isa = PBXFileReference; lastKnownFileType = sourcecode.swift; path = SharedLocationReader.swift; sourceTree = "<group>"; };
		2597A0012ED36EAF00D81D27 /* WidgetDebugger.app */ = {isa = PBXFileReference; explicitFileType = wrapper.application; includeInIndex = 0; path = WidgetDebugger.app; sourceTree = BUILT_PRODUCTS_DIR; };
		2597A0102ED36EB000D81D27 /* WidgetDebuggerTests.xctest */ = {isa = PBXFileReference; explicitFileType = wrapper.cfbundle; includeInIndex = 0; path = WidgetDebuggerTests.xctest; sourceTree = BUILT_PRODUCTS_DIR; };
		2597A01A2ED36EB000D81D27 /* WidgetDebuggerUITests.xctest */ = {isa = PBXFileReference; explicitFileType = wrapper.cfbundle; includeInIndex = 0; path = WidgetDebuggerUITests.xctest; sourceTree = BUILT_PRODUCTS_DIR; };
		25D19E542BE600920055E70E /* HslWidget.app */ = {isa = PBXFileReference; explicitFileType = wrapper.application; includeInIndex = 0; path = HslWidget.app; sourceTree = BUILT_PRODUCTS_DIR; };
		25D19E572BE600920055E70E /* HslWidgetApp.swift */ = {isa = PBXFileReference; lastKnownFileType = sourcecode.swift; path = HslWidgetApp.swift; sourceTree = "<group>"; };
		25D19E5B2BE600930055E70E /* Assets.xcassets */ = {isa = PBXFileReference; lastKnownFileType = folder.assetcatalog; path = Assets.xcassets; sourceTree = "<group>"; };
		25D19E5E2BE600930055E70E /* Preview Assets.xcassets */ = {isa = PBXFileReference; lastKnownFileType = folder.assetcatalog; path = "Preview Assets.xcassets"; sourceTree = "<group>"; };
		25D19E692BE755310055E70E /* stopInfoExtension.appex */ = {isa = PBXFileReference; explicitFileType = "wrapper.app-extension"; includeInIndex = 0; path = stopInfoExtension.appex; sourceTree = BUILT_PRODUCTS_DIR; };
		25D19E6B2BE755310055E70E /* WidgetKit.framework */ = {isa = PBXFileReference; lastKnownFileType = wrapper.framework; name = WidgetKit.framework; path = System/Library/Frameworks/WidgetKit.framework; sourceTree = SDKROOT; };
		25D19E6D2BE755310055E70E /* SwiftUI.framework */ = {isa = PBXFileReference; lastKnownFileType = wrapper.framework; name = SwiftUI.framework; path = System/Library/Frameworks/SwiftUI.framework; sourceTree = SDKROOT; };
		25D19E702BE755310055E70E /* stopInfoBundle.swift */ = {isa = PBXFileReference; lastKnownFileType = sourcecode.swift; path = stopInfoBundle.swift; sourceTree = "<group>"; };
		25D19E722BE755310055E70E /* stopInfo.swift */ = {isa = PBXFileReference; lastKnownFileType = sourcecode.swift; path = stopInfo.swift; sourceTree = "<group>"; };
		25D19E742BE755320055E70E /* Assets.xcassets */ = {isa = PBXFileReference; lastKnownFileType = folder.assetcatalog; path = Assets.xcassets; sourceTree = "<group>"; };
		25D19E762BE755320055E70E /* Info.plist */ = {isa = PBXFileReference; lastKnownFileType = text.plist.xml; path = Info.plist; sourceTree = "<group>"; };
		25D19E842BE79FFA0055E70E /* Departure.swift */ = {isa = PBXFileReference; lastKnownFileType = sourcecode.swift; path = Departure.swift; sourceTree = "<group>"; };
		25FA04142BE7CB890052A577 /* Stop.swift */ = {isa = PBXFileReference; lastKnownFileType = sourcecode.swift; path = Stop.swift; sourceTree = "<group>"; };
		25FA041A2BE7DC130052A577 /* DepartureTimesQueryResponse.swift */ = {isa = PBXFileReference; lastKnownFileType = sourcecode.swift; path = DepartureTimesQueryResponse.swift; sourceTree = "<group>"; };
		25FA041C2BE7F5990052A577 /* HslApi.swift */ = {isa = PBXFileReference; lastKnownFileType = sourcecode.swift; path = HslApi.swift; sourceTree = "<group>"; };
		25FA042A2BEA527C0052A577 /* Info.plist */ = {isa = PBXFileReference; lastKnownFileType = text.plist; path = Info.plist; sourceTree = "<group>"; };
		25FA042B2BEB32E70052A577 /* StopsQueryResponse.swift */ = {isa = PBXFileReference; lastKnownFileType = sourcecode.swift; path = StopsQueryResponse.swift; sourceTree = "<group>"; };
		25FA04302BEB50D30052A577 /* HslWidget.entitlements */ = {isa = PBXFileReference; lastKnownFileType = text.plist.entitlements; path = HslWidget.entitlements; sourceTree = "<group>"; };
		25FA04312BEB50F50052A577 /* stopInfoExtension.entitlements */ = {isa = PBXFileReference; lastKnownFileType = text.plist.entitlements; path = stopInfoExtension.entitlements; sourceTree = "<group>"; };
		25FA04342BEBD1BF0052A577 /* README.md */ = {isa = PBXFileReference; lastKnownFileType = net.daringfireball.markdown; path = README.md; sourceTree = "<group>"; };
/* End PBXFileReference section */

/* Begin PBXFileSystemSynchronizedBuildFileExceptionSet section */
		2597A04D2ED3708700D81D27 /* PBXFileSystemSynchronizedBuildFileExceptionSet */ = {
			isa = PBXFileSystemSynchronizedBuildFileExceptionSet;
			membershipExceptions = (
				Info.plist,
			);
			target = 2597A0002ED36EAF00D81D27 /* WidgetDebugger */;
		};
		25EB23812ED4BA3800B1CEB3 /* PBXFileSystemSynchronizedBuildFileExceptionSet */ = {
			isa = PBXFileSystemSynchronizedBuildFileExceptionSet;
			membershipExceptions = (
				DebugLogger.swift,
				TransitIconHelper.swift,
			);
			target = 25D19E682BE755310055E70E /* stopInfoExtension */;
		};
		25EB23822ED4BA3E00B1CEB3 /* PBXFileSystemSynchronizedBuildFileExceptionSet */ = {
			isa = PBXFileSystemSynchronizedBuildFileExceptionSet;
			membershipExceptions = (
				"Font+Rounded.swift",
			);
			target = 25D19E682BE755310055E70E /* stopInfoExtension */;
		};
/* End PBXFileSystemSynchronizedBuildFileExceptionSet section */

/* Begin PBXFileSystemSynchronizedRootGroup section */
		2542B33B2EC89D01002492BC /* HslWidgetTests */ = {isa = PBXFileSystemSynchronizedRootGroup; explicitFileTypes = {}; explicitFolders = (); path = HslWidgetTests; sourceTree = "<group>"; };
		2597A0022ED36EAF00D81D27 /* WidgetDebugger */ = {isa = PBXFileSystemSynchronizedRootGroup; exceptions = (2597A04D2ED3708700D81D27 /* PBXFileSystemSynchronizedBuildFileExceptionSet */, ); explicitFileTypes = {}; explicitFolders = (); path = WidgetDebugger; sourceTree = "<group>"; };
		2597A0132ED36EB000D81D27 /* WidgetDebuggerTests */ = {isa = PBXFileSystemSynchronizedRootGroup; explicitFileTypes = {}; explicitFolders = (); path = WidgetDebuggerTests; sourceTree = "<group>"; };
		2597A01D2ED36EB000D81D27 /* WidgetDebuggerUITests */ = {isa = PBXFileSystemSynchronizedRootGroup; explicitFileTypes = {}; explicitFolders = (); path = WidgetDebuggerUITests; sourceTree = "<group>"; };
		25EB237F2ED4BA2000B1CEB3 /* Views */ = {isa = PBXFileSystemSynchronizedRootGroup; exceptions = (25EB23822ED4BA3E00B1CEB3 /* PBXFileSystemSynchronizedBuildFileExceptionSet */, ); explicitFileTypes = {}; explicitFolders = (); path = Views; sourceTree = "<group>"; };
		25EB23802ED4BA3100B1CEB3 /* Utils */ = {isa = PBXFileSystemSynchronizedRootGroup; exceptions = (25EB23812ED4BA3800B1CEB3 /* PBXFileSystemSynchronizedBuildFileExceptionSet */, ); explicitFileTypes = {}; explicitFolders = (); path = Utils; sourceTree = "<group>"; };
/* End PBXFileSystemSynchronizedRootGroup section */

/* Begin PBXFrameworksBuildPhase section */
		2542B3372EC89D01002492BC /* Frameworks */ = {
			isa = PBXFrameworksBuildPhase;
			buildActionMask = 2147483647;
			files = (
			);
			runOnlyForDeploymentPostprocessing = 0;
		};
		25979FFE2ED36EAF00D81D27 /* Frameworks */ = {
			isa = PBXFrameworksBuildPhase;
			buildActionMask = 2147483647;
			files = (
				2597A02B2ED36EFC00D81D27 /* WidgetKit.framework in Frameworks */,
			);
			runOnlyForDeploymentPostprocessing = 0;
		};
		2597A00D2ED36EB000D81D27 /* Frameworks */ = {
			isa = PBXFrameworksBuildPhase;
			buildActionMask = 2147483647;
			files = (
			);
			runOnlyForDeploymentPostprocessing = 0;
		};
		2597A0172ED36EB000D81D27 /* Frameworks */ = {
			isa = PBXFrameworksBuildPhase;
			buildActionMask = 2147483647;
			files = (
			);
			runOnlyForDeploymentPostprocessing = 0;
		};
		25D19E512BE600920055E70E /* Frameworks */ = {
			isa = PBXFrameworksBuildPhase;
			buildActionMask = 2147483647;
			files = (
			);
			runOnlyForDeploymentPostprocessing = 0;
		};
		25D19E662BE755310055E70E /* Frameworks */ = {
			isa = PBXFrameworksBuildPhase;
			buildActionMask = 2147483647;
			files = (
				25D19E6E2BE755310055E70E /* SwiftUI.framework in Frameworks */,
				25D19E6C2BE755310055E70E /* WidgetKit.framework in Frameworks */,
			);
			runOnlyForDeploymentPostprocessing = 0;
		};
/* End PBXFrameworksBuildPhase section */

/* Begin PBXGroup section */
		253BB8A22ED1EB3E000D30CC /* Timeline */ = {
			isa = PBXGroup;
			children = (
				253BB8A02ED1EB3E000D30CC /* TimelineBuilder.swift */,
				253BB8A12ED1EB3E000D30CC /* WidgetTimelineProvider.swift */,
			);
			path = Timeline;
			sourceTree = "<group>";
		};
		253BB8A82ED1EB3E000D30CC /* Views */ = {
			isa = PBXGroup;
			children = (
				253BB8A32ED1EB3E000D30CC /* EmptyStateView.swift */,
				253BB8A42ED1EB3E000D30CC /* InlineWidgetView.swift */,
				253BB8A52ED1EB3E000D30CC /* RectangularWidgetView.swift */,
				253BB8A62ED1EB3E000D30CC /* SystemSmallWidgetView.swift */,
				253BB8A72ED1EB3E000D30CC /* WidgetViewFormatters.swift */,
			);
			path = Views;
			sourceTree = "<group>";
		};
		25D19E4B2BE600920055E70E = {
			isa = PBXGroup;
			children = (
				25FA04342BEBD1BF0052A577 /* README.md */,
				25FA04312BEB50F50052A577 /* stopInfoExtension.entitlements */,
				25D19E562BE600920055E70E /* HslWidget */,
				25D19E6F2BE755310055E70E /* stopInfo */,
				2542B33B2EC89D01002492BC /* HslWidgetTests */,
				2597A0022ED36EAF00D81D27 /* WidgetDebugger */,
				2597A0132ED36EB000D81D27 /* WidgetDebuggerTests */,
				2597A01D2ED36EB000D81D27 /* WidgetDebuggerUITests */,
				25D19E6A2BE755310055E70E /* Frameworks */,
				25D19E552BE600920055E70E /* Products */,
			);
			sourceTree = "<group>";
		};
		25D19E552BE600920055E70E /* Products */ = {
			isa = PBXGroup;
			children = (
				25D19E542BE600920055E70E /* HslWidget.app */,
				25D19E692BE755310055E70E /* stopInfoExtension.appex */,
				2542B33A2EC89D01002492BC /* HslWidgetTests.xctest */,
				2597A0012ED36EAF00D81D27 /* WidgetDebugger.app */,
				2597A0102ED36EB000D81D27 /* WidgetDebuggerTests.xctest */,
				2597A01A2ED36EB000D81D27 /* WidgetDebuggerUITests.xctest */,
			);
			name = Products;
			sourceTree = "<group>";
		};
		25D19E562BE600920055E70E /* HslWidget */ = {
			isa = PBXGroup;
			children = (
				25EB23802ED4BA3100B1CEB3 /* Utils */,
				25EB237F2ED4BA2000B1CEB3 /* Views */,
				25FA04302BEB50D30052A577 /* HslWidget.entitlements */,
				25FA042A2BEA527C0052A577 /* Info.plist */,
				25FA04262BEA16DA0052A577 /* Model */,
				25FA04232BEA169C0052A577 /* Api */,
				25D19E572BE600920055E70E /* HslWidgetApp.swift */,
				25D19E5B2BE600930055E70E /* Assets.xcassets */,
				25D19E5D2BE600930055E70E /* Preview Content */,
				2542B3332EC8594F002492BC /* Config.xcconfig */,
			);
			path = HslWidget;
			sourceTree = "<group>";
		};
		25D19E5D2BE600930055E70E /* Preview Content */ = {
			isa = PBXGroup;
			children = (
				25D19E5E2BE600930055E70E /* Preview Assets.xcassets */,
			);
			path = "Preview Content";
			sourceTree = "<group>";
		};
		25D19E6A2BE755310055E70E /* Frameworks */ = {
			isa = PBXGroup;
			children = (
				25D19E6B2BE755310055E70E /* WidgetKit.framework */,
				25D19E6D2BE755310055E70E /* SwiftUI.framework */,
			);
			name = Frameworks;
			sourceTree = "<group>";
		};
		25D19E6F2BE755310055E70E /* stopInfo */ = {
			isa = PBXGroup;
			children = (
				253BB8A22ED1EB3E000D30CC /* Timeline */,
				253BB8A82ED1EB3E000D30CC /* Views */,
				25D19E702BE755310055E70E /* stopInfoBundle.swift */,
				25D19E722BE755310055E70E /* stopInfo.swift */,
				25D19E742BE755320055E70E /* Assets.xcassets */,
				25D19E762BE755320055E70E /* Info.plist */,
			);
			path = stopInfo;
			sourceTree = "<group>";
		};
		25FA04232BEA169C0052A577 /* Api */ = {
			isa = PBXGroup;
			children = (
				25FA041C2BE7F5990052A577 /* HslApi.swift */,
				25FA041A2BE7DC130052A577 /* DepartureTimesQueryResponse.swift */,
				25FA042B2BEB32E70052A577 /* StopsQueryResponse.swift */,
			);
			path = Api;
			sourceTree = "<group>";
		};
		25FA04262BEA16DA0052A577 /* Model */ = {
			isa = PBXGroup;
			children = (
				25979FDC2ED3201700D81D27 /* SharedLocationReader.swift */,
				253BB89D2ED1EB2B000D30CC /* TimetableEntry.swift */,
				2542B32E2EC5ACC8002492BC /* HeadsignCache.swift */,
				2542B32F2EC5ACC8002492BC /* HeadsignPreloader.swift */,
				2542B3242EC3D25B002492BC /* FavoritesManager.swift */,
				2542B3252EC3D25B002492BC /* LocationManager.swift */,
				25D19E842BE79FFA0055E70E /* Departure.swift */,
				25FA04142BE7CB890052A577 /* Stop.swift */,
			);
			path = Model;
			sourceTree = "<group>";
		};
/* End PBXGroup section */

/* Begin PBXNativeTarget section */
		2542B3392EC89D01002492BC /* HslWidgetTests */ = {
			isa = PBXNativeTarget;
			buildConfigurationList = 2542B3402EC89D01002492BC /* Build configuration list for PBXNativeTarget "HslWidgetTests" */;
			buildPhases = (
				2542B3362EC89D01002492BC /* Sources */,
				2542B3372EC89D01002492BC /* Frameworks */,
				2542B3382EC89D01002492BC /* Resources */,
			);
			buildRules = (
			);
			dependencies = (
				2542B33F2EC89D01002492BC /* PBXTargetDependency */,
			);
			fileSystemSynchronizedGroups = (
				2542B33B2EC89D01002492BC /* HslWidgetTests */,
			);
			name = HslWidgetTests;
			packageProductDependencies = (
			);
			productName = HslWidgetTests;
			productReference = 2542B33A2EC89D01002492BC /* HslWidgetTests.xctest */;
			productType = "com.apple.product-type.bundle.unit-test";
		};
		2597A0002ED36EAF00D81D27 /* WidgetDebugger */ = {
			isa = PBXNativeTarget;
			buildConfigurationList = 2597A0222ED36EB000D81D27 /* Build configuration list for PBXNativeTarget "WidgetDebugger" */;
			buildPhases = (
				25979FFD2ED36EAF00D81D27 /* Sources */,
				25979FFE2ED36EAF00D81D27 /* Frameworks */,
				25979FFF2ED36EAF00D81D27 /* Resources */,
			);
			buildRules = (
			);
			dependencies = (
			);
			fileSystemSynchronizedGroups = (
				2597A0022ED36EAF00D81D27 /* WidgetDebugger */,
				25EB237F2ED4BA2000B1CEB3 /* Views */,
				25EB23802ED4BA3100B1CEB3 /* Utils */,
			);
			name = WidgetDebugger;
			packageProductDependencies = (
			);
			productName = WidgetDebugger;
			productReference = 2597A0012ED36EAF00D81D27 /* WidgetDebugger.app */;
			productType = "com.apple.product-type.application";
		};
		2597A00F2ED36EB000D81D27 /* WidgetDebuggerTests */ = {
			isa = PBXNativeTarget;
			buildConfigurationList = 2597A0252ED36EB000D81D27 /* Build configuration list for PBXNativeTarget "WidgetDebuggerTests" */;
			buildPhases = (
				2597A00C2ED36EB000D81D27 /* Sources */,
				2597A00D2ED36EB000D81D27 /* Frameworks */,
				2597A00E2ED36EB000D81D27 /* Resources */,
			);
			buildRules = (
			);
			dependencies = (
				2597A0122ED36EB000D81D27 /* PBXTargetDependency */,
			);
			fileSystemSynchronizedGroups = (
				2597A0132ED36EB000D81D27 /* WidgetDebuggerTests */,
			);
			name = WidgetDebuggerTests;
			packageProductDependencies = (
			);
			productName = WidgetDebuggerTests;
			productReference = 2597A0102ED36EB000D81D27 /* WidgetDebuggerTests.xctest */;
			productType = "com.apple.product-type.bundle.unit-test";
		};
		2597A0192ED36EB000D81D27 /* WidgetDebuggerUITests */ = {
			isa = PBXNativeTarget;
			buildConfigurationList = 2597A0282ED36EB000D81D27 /* Build configuration list for PBXNativeTarget "WidgetDebuggerUITests" */;
			buildPhases = (
				2597A0162ED36EB000D81D27 /* Sources */,
				2597A0172ED36EB000D81D27 /* Frameworks */,
				2597A0182ED36EB000D81D27 /* Resources */,
			);
			buildRules = (
			);
			dependencies = (
				2597A01C2ED36EB000D81D27 /* PBXTargetDependency */,
			);
			fileSystemSynchronizedGroups = (
				2597A01D2ED36EB000D81D27 /* WidgetDebuggerUITests */,
			);
			name = WidgetDebuggerUITests;
			packageProductDependencies = (
			);
			productName = WidgetDebuggerUITests;
			productReference = 2597A01A2ED36EB000D81D27 /* WidgetDebuggerUITests.xctest */;
			productType = "com.apple.product-type.bundle.ui-testing";
		};
		25D19E532BE600920055E70E /* HslWidget */ = {
			isa = PBXNativeTarget;
			buildConfigurationList = 25D19E622BE600930055E70E /* Build configuration list for PBXNativeTarget "HslWidget" */;
			buildPhases = (
				25D19E502BE600920055E70E /* Sources */,
				25D19E512BE600920055E70E /* Frameworks */,
				25D19E522BE600920055E70E /* Resources */,
				25D19E7D2BE755320055E70E /* Embed Foundation Extensions */,
			);
			buildRules = (
			);
			dependencies = (
				25D19E782BE755320055E70E /* PBXTargetDependency */,
			);
			fileSystemSynchronizedGroups = (
				25EB237F2ED4BA2000B1CEB3 /* Views */,
				25EB23802ED4BA3100B1CEB3 /* Utils */,
			);
			name = HslWidget;
			productName = HslWidget;
			productReference = 25D19E542BE600920055E70E /* HslWidget.app */;
			productType = "com.apple.product-type.application";
		};
		25D19E682BE755310055E70E /* stopInfoExtension */ = {
			isa = PBXNativeTarget;
			buildConfigurationList = 25D19E7A2BE755320055E70E /* Build configuration list for PBXNativeTarget "stopInfoExtension" */;
			buildPhases = (
				25D19E652BE755310055E70E /* Sources */,
				25D19E662BE755310055E70E /* Frameworks */,
				25D19E672BE755310055E70E /* Resources */,
			);
			buildRules = (
			);
			dependencies = (
			);
			name = stopInfoExtension;
			productName = stopInfoExtension;
			productReference = 25D19E692BE755310055E70E /* stopInfoExtension.appex */;
			productType = "com.apple.product-type.app-extension";
		};
/* End PBXNativeTarget section */

/* Begin PBXProject section */
		25D19E4C2BE600920055E70E /* Project object */ = {
			isa = PBXProject;
			attributes = {
				BuildIndependentTargetsInParallel = 1;
				LastSwiftUpdateCheck = 1610;
				LastUpgradeCheck = 1610;
				TargetAttributes = {
					2542B3392EC89D01002492BC = {
						CreatedOnToolsVersion = 16.1;
						TestTargetID = 25D19E532BE600920055E70E;
					};
					2597A0002ED36EAF00D81D27 = {
						CreatedOnToolsVersion = 16.1;
					};
					2597A00F2ED36EB000D81D27 = {
						CreatedOnToolsVersion = 16.1;
						TestTargetID = 2597A0002ED36EAF00D81D27;
					};
					2597A0192ED36EB000D81D27 = {
						CreatedOnToolsVersion = 16.1;
						TestTargetID = 2597A0002ED36EAF00D81D27;
					};
					25D19E532BE600920055E70E = {
						CreatedOnToolsVersion = 15.3;
					};
					25D19E682BE755310055E70E = {
						CreatedOnToolsVersion = 15.3;
					};
				};
			};
			buildConfigurationList = 25D19E4F2BE600920055E70E /* Build configuration list for PBXProject "HslWidget" */;
			compatibilityVersion = "Xcode 14.0";
			developmentRegion = en;
			hasScannedForEncodings = 0;
			knownRegions = (
				en,
				Base,
			);
			mainGroup = 25D19E4B2BE600920055E70E;
			productRefGroup = 25D19E552BE600920055E70E /* Products */;
			projectDirPath = "";
			projectRoot = "";
			targets = (
				25D19E532BE600920055E70E /* HslWidget */,
				25D19E682BE755310055E70E /* stopInfoExtension */,
				2542B3392EC89D01002492BC /* HslWidgetTests */,
				2597A0002ED36EAF00D81D27 /* WidgetDebugger */,
				2597A00F2ED36EB000D81D27 /* WidgetDebuggerTests */,
				2597A0192ED36EB000D81D27 /* WidgetDebuggerUITests */,
			);
		};
/* End PBXProject section */

/* Begin PBXResourcesBuildPhase section */
		2542B3382EC89D01002492BC /* Resources */ = {
			isa = PBXResourcesBuildPhase;
			buildActionMask = 2147483647;
			files = (
			);
			runOnlyForDeploymentPostprocessing = 0;
		};
		25979FFF2ED36EAF00D81D27 /* Resources */ = {
			isa = PBXResourcesBuildPhase;
			buildActionMask = 2147483647;
			files = (
			);
			runOnlyForDeploymentPostprocessing = 0;
		};
		2597A00E2ED36EB000D81D27 /* Resources */ = {
			isa = PBXResourcesBuildPhase;
			buildActionMask = 2147483647;
			files = (
			);
			runOnlyForDeploymentPostprocessing = 0;
		};
		2597A0182ED36EB000D81D27 /* Resources */ = {
			isa = PBXResourcesBuildPhase;
			buildActionMask = 2147483647;
			files = (
			);
			runOnlyForDeploymentPostprocessing = 0;
		};
		25D19E522BE600920055E70E /* Resources */ = {
			isa = PBXResourcesBuildPhase;
			buildActionMask = 2147483647;
			files = (
				25D19E5F2BE600930055E70E /* Preview Assets.xcassets in Resources */,
				25D19E5C2BE600930055E70E /* Assets.xcassets in Resources */,
			);
			runOnlyForDeploymentPostprocessing = 0;
		};
		25D19E672BE755310055E70E /* Resources */ = {
			isa = PBXResourcesBuildPhase;
			buildActionMask = 2147483647;
			files = (
				25D19E752BE755320055E70E /* Assets.xcassets in Resources */,
			);
			runOnlyForDeploymentPostprocessing = 0;
		};
/* End PBXResourcesBuildPhase section */

/* Begin PBXSourcesBuildPhase section */
		2542B3362EC89D01002492BC /* Sources */ = {
			isa = PBXSourcesBuildPhase;
			buildActionMask = 2147483647;
			files = (
				25979FDD2ED3201700D81D27 /* SharedLocationReader.swift in Sources */,
			);
			runOnlyForDeploymentPostprocessing = 0;
		};
		25979FFD2ED36EAF00D81D27 /* Sources */ = {
			isa = PBXSourcesBuildPhase;
			buildActionMask = 2147483647;
			files = (
				2597A03B2ED36FB500D81D27 /* HeadsignPreloader.swift in Sources */,
				2597A03C2ED36FB500D81D27 /* SharedLocationReader.swift in Sources */,
				2597A03D2ED36FB500D81D27 /* TimetableEntry.swift in Sources */,
				2597A03E2ED36FB500D81D27 /* FavoritesManager.swift in Sources */,
				2597A03F2ED36FB500D81D27 /* HeadsignCache.swift in Sources */,
				2597A0402ED36FB500D81D27 /* LocationManager.swift in Sources */,
				2597A0412ED36FB500D81D27 /* Departure.swift in Sources */,
				2597A0422ED36FB500D81D27 /* Stop.swift in Sources */,
				2597A0392ED36FA300D81D27 /* TimelineBuilder.swift in Sources */,
				2597A03A2ED36FA300D81D27 /* WidgetTimelineProvider.swift in Sources */,
				2597A0432ED36FBE00D81D27 /* DepartureTimesQueryResponse.swift in Sources */,
				2597A0442ED36FBE00D81D27 /* StopsQueryResponse.swift in Sources */,
				2597A0452ED36FBE00D81D27 /* HslApi.swift in Sources */,
				2597A0462ED36FDD00D81D27 /* WidgetViewFormatters.swift in Sources */,
				2597A0472ED36FDD00D81D27 /* EmptyStateView.swift in Sources */,
				2597A0482ED36FDD00D81D27 /* InlineWidgetView.swift in Sources */,
				2597A0492ED36FDD00D81D27 /* RectangularWidgetView.swift in Sources */,
				2597A04A2ED36FDD00D81D27 /* SystemSmallWidgetView.swift in Sources */,
			);
			runOnlyForDeploymentPostprocessing = 0;
		};
		2597A00C2ED36EB000D81D27 /* Sources */ = {
			isa = PBXSourcesBuildPhase;
			buildActionMask = 2147483647;
			files = (
			);
			runOnlyForDeploymentPostprocessing = 0;
		};
		2597A0162ED36EB000D81D27 /* Sources */ = {
			isa = PBXSourcesBuildPhase;
			buildActionMask = 2147483647;
			files = (
			);
			runOnlyForDeploymentPostprocessing = 0;
		};
		25D19E502BE600920055E70E /* Sources */ = {
			isa = PBXSourcesBuildPhase;
			buildActionMask = 2147483647;
			files = (
				2542B3302EC5ACC8002492BC /* HeadsignPreloader.swift in Sources */,
				2542B3312EC5ACC8002492BC /* HeadsignCache.swift in Sources */,
				25FA041D2BE7F5990052A577 /* HslApi.swift in Sources */,
				25D19E852BE79FFA0055E70E /* Departure.swift in Sources */,
				2542B3262EC3D25B002492BC /* LocationManager.swift in Sources */,
				253BB89E2ED1EB2B000D30CC /* TimetableEntry.swift in Sources */,
				2542B3272EC3D25B002492BC /* FavoritesManager.swift in Sources */,
				25FA042C2BEB32E70052A577 /* StopsQueryResponse.swift in Sources */,
				25FA041B2BE7DC130052A577 /* DepartureTimesQueryResponse.swift in Sources */,
				25D19E582BE600920055E70E /* HslWidgetApp.swift in Sources */,
				25979FDE2ED3201700D81D27 /* SharedLocationReader.swift in Sources */,
				25FA04152BE7CB890052A577 /* Stop.swift in Sources */,
			);
			runOnlyForDeploymentPostprocessing = 0;
		};
		25D19E652BE755310055E70E /* Sources */ = {
			isa = PBXSourcesBuildPhase;
			buildActionMask = 2147483647;
			files = (
				25979FDF2ED3201700D81D27 /* SharedLocationReader.swift in Sources */,
				253BB8A92ED1EB3E000D30CC /* TimelineBuilder.swift in Sources */,
				253BB8AA2ED1EB3E000D30CC /* SystemSmallWidgetView.swift in Sources */,
				253BB8AB2ED1EB3E000D30CC /* RectangularWidgetView.swift in Sources */,
				253BB8AC2ED1EB3E000D30CC /* EmptyStateView.swift in Sources */,
				253BB8AD2ED1EB3E000D30CC /* InlineWidgetView.swift in Sources */,
				253BB8AE2ED1EB3E000D30CC /* WidgetViewFormatters.swift in Sources */,
				253BB8AF2ED1EB3E000D30CC /* WidgetTimelineProvider.swift in Sources */,
				253BB89F2ED1EB2B000D30CC /* TimetableEntry.swift in Sources */,
				25FA04272BEA16ED0052A577 /* Stop.swift in Sources */,
				25FA04242BEA16AB0052A577 /* DepartureTimesQueryResponse.swift in Sources */,
				25FA04222BEA14010052A577 /* HslApi.swift in Sources */,
				2542B3292EC3D25B002492BC /* FavoritesManager.swift in Sources */,
				25979FE02ED3211F00D81D27 /* StopsQueryResponse.swift in Sources */,
				25D19E862BE79FFA0055E70E /* Departure.swift in Sources */,
				25D19E712BE755310055E70E /* stopInfoBundle.swift in Sources */,
				25D19E732BE755310055E70E /* stopInfo.swift in Sources */,
			);
			runOnlyForDeploymentPostprocessing = 0;
		};
/* End PBXSourcesBuildPhase section */

/* Begin PBXTargetDependency section */
		2542B33F2EC89D01002492BC /* PBXTargetDependency */ = {
			isa = PBXTargetDependency;
			target = 25D19E532BE600920055E70E /* HslWidget */;
			targetProxy = 2542B33E2EC89D01002492BC /* PBXContainerItemProxy */;
		};
		2597A0122ED36EB000D81D27 /* PBXTargetDependency */ = {
			isa = PBXTargetDependency;
			target = 2597A0002ED36EAF00D81D27 /* WidgetDebugger */;
			targetProxy = 2597A0112ED36EB000D81D27 /* PBXContainerItemProxy */;
		};
		2597A01C2ED36EB000D81D27 /* PBXTargetDependency */ = {
			isa = PBXTargetDependency;
			target = 2597A0002ED36EAF00D81D27 /* WidgetDebugger */;
			targetProxy = 2597A01B2ED36EB000D81D27 /* PBXContainerItemProxy */;
		};
		25D19E782BE755320055E70E /* PBXTargetDependency */ = {
			isa = PBXTargetDependency;
			target = 25D19E682BE755310055E70E /* stopInfoExtension */;
			targetProxy = 25D19E772BE755320055E70E /* PBXContainerItemProxy */;
		};
/* End PBXTargetDependency section */

/* Begin XCBuildConfiguration section */
		2542B3412EC89D01002492BC /* Debug */ = {
			isa = XCBuildConfiguration;
			buildSettings = {
				BUNDLE_LOADER = "$(TEST_HOST)";
				CODE_SIGN_IDENTITY = "Apple Development";
				CODE_SIGN_STYLE = Automatic;
				CURRENT_PROJECT_VERSION = 1;
				DEVELOPMENT_TEAM = "";
				GENERATE_INFOPLIST_FILE = YES;
				IPHONEOS_DEPLOYMENT_TARGET = 18.1;
				MARKETING_VERSION = 1.0;
				PRODUCT_BUNDLE_IDENTIFIER = com.balenet.HslWidgetTests;
				PRODUCT_NAME = "$(TARGET_NAME)";
				PROVISIONING_PROFILE_SPECIFIER = "";
				SWIFT_EMIT_LOC_STRINGS = NO;
				SWIFT_VERSION = 5.0;
				TARGETED_DEVICE_FAMILY = "1,2";
				TEST_HOST = "$(BUILT_PRODUCTS_DIR)/HslWidget.app/$(BUNDLE_EXECUTABLE_FOLDER_PATH)/HslWidget";
			};
			name = Debug;
		};
		2542B3422EC89D01002492BC /* Release */ = {
			isa = XCBuildConfiguration;
			buildSettings = {
				BUNDLE_LOADER = "$(TEST_HOST)";
				CODE_SIGN_IDENTITY = "Apple Development";
				CODE_SIGN_STYLE = Automatic;
				CURRENT_PROJECT_VERSION = 1;
				DEVELOPMENT_TEAM = "";
				GENERATE_INFOPLIST_FILE = YES;
				IPHONEOS_DEPLOYMENT_TARGET = 18.1;
				MARKETING_VERSION = 1.0;
				PRODUCT_BUNDLE_IDENTIFIER = com.balenet.HslWidgetTests;
				PRODUCT_NAME = "$(TARGET_NAME)";
				PROVISIONING_PROFILE_SPECIFIER = "";
				SWIFT_EMIT_LOC_STRINGS = NO;
				SWIFT_VERSION = 5.0;
				TARGETED_DEVICE_FAMILY = "1,2";
				TEST_HOST = "$(BUILT_PRODUCTS_DIR)/HslWidget.app/$(BUNDLE_EXECUTABLE_FOLDER_PATH)/HslWidget";
			};
			name = Release;
		};
		2597A0232ED36EB000D81D27 /* Debug */ = {
			isa = XCBuildConfiguration;
			buildSettings = {
				ASSETCATALOG_COMPILER_APPICON_NAME = AppIcon;
				ASSETCATALOG_COMPILER_GLOBAL_ACCENT_COLOR_NAME = AccentColor;
				CODE_SIGN_ENTITLEMENTS = WidgetDebugger/WidgetDebugger.entitlements;
				CODE_SIGN_STYLE = Automatic;
				CURRENT_PROJECT_VERSION = 1;
				DEVELOPMENT_ASSET_PATHS = "\"WidgetDebugger/Preview Content\"";
				DEVELOPMENT_TEAM = 8HG4D44UZQ;
				ENABLE_PREVIEWS = YES;
				GENERATE_INFOPLIST_FILE = YES;
				INFOPLIST_FILE = WidgetDebugger/Info.plist;
				INFOPLIST_KEY_UIApplicationSceneManifest_Generation = YES;
				INFOPLIST_KEY_UIApplicationSupportsIndirectInputEvents = YES;
				INFOPLIST_KEY_UILaunchScreen_Generation = YES;
				INFOPLIST_KEY_UISupportedInterfaceOrientations_iPad = "UIInterfaceOrientationPortrait UIInterfaceOrientationPortraitUpsideDown UIInterfaceOrientationLandscapeLeft UIInterfaceOrientationLandscapeRight";
				INFOPLIST_KEY_UISupportedInterfaceOrientations_iPhone = "UIInterfaceOrientationPortrait UIInterfaceOrientationLandscapeLeft UIInterfaceOrientationLandscapeRight";
				IPHONEOS_DEPLOYMENT_TARGET = 18.1;
				LD_RUNPATH_SEARCH_PATHS = (
					"$(inherited)",
					"@executable_path/Frameworks",
				);
				MARKETING_VERSION = 1.0;
				PRODUCT_BUNDLE_IDENTIFIER = com.balenet.WidgetDebugger;
				PRODUCT_NAME = "$(TARGET_NAME)";
				SWIFT_EMIT_LOC_STRINGS = YES;
				SWIFT_VERSION = 5.0;
				TARGETED_DEVICE_FAMILY = "1,2";
			};
			name = Debug;
		};
		2597A0242ED36EB000D81D27 /* Release */ = {
			isa = XCBuildConfiguration;
			buildSettings = {
				ASSETCATALOG_COMPILER_APPICON_NAME = AppIcon;
				ASSETCATALOG_COMPILER_GLOBAL_ACCENT_COLOR_NAME = AccentColor;
				CODE_SIGN_ENTITLEMENTS = WidgetDebugger/WidgetDebugger.entitlements;
				CODE_SIGN_STYLE = Automatic;
				CURRENT_PROJECT_VERSION = 1;
				DEVELOPMENT_ASSET_PATHS = "\"WidgetDebugger/Preview Content\"";
				DEVELOPMENT_TEAM = 8HG4D44UZQ;
				ENABLE_PREVIEWS = YES;
				GENERATE_INFOPLIST_FILE = YES;
				INFOPLIST_FILE = WidgetDebugger/Info.plist;
				INFOPLIST_KEY_UIApplicationSceneManifest_Generation = YES;
				INFOPLIST_KEY_UIApplicationSupportsIndirectInputEvents = YES;
				INFOPLIST_KEY_UILaunchScreen_Generation = YES;
				INFOPLIST_KEY_UISupportedInterfaceOrientations_iPad = "UIInterfaceOrientationPortrait UIInterfaceOrientationPortraitUpsideDown UIInterfaceOrientationLandscapeLeft UIInterfaceOrientationLandscapeRight";
				INFOPLIST_KEY_UISupportedInterfaceOrientations_iPhone = "UIInterfaceOrientationPortrait UIInterfaceOrientationLandscapeLeft UIInterfaceOrientationLandscapeRight";
				IPHONEOS_DEPLOYMENT_TARGET = 18.1;
				LD_RUNPATH_SEARCH_PATHS = (
					"$(inherited)",
					"@executable_path/Frameworks",
				);
				MARKETING_VERSION = 1.0;
				PRODUCT_BUNDLE_IDENTIFIER = com.balenet.WidgetDebugger;
				PRODUCT_NAME = "$(TARGET_NAME)";
				SWIFT_EMIT_LOC_STRINGS = YES;
				SWIFT_VERSION = 5.0;
				TARGETED_DEVICE_FAMILY = "1,2";
			};
			name = Release;
		};
		2597A0262ED36EB000D81D27 /* Debug */ = {
			isa = XCBuildConfiguration;
			buildSettings = {
				BUNDLE_LOADER = "$(TEST_HOST)";
				CODE_SIGN_STYLE = Automatic;
				CURRENT_PROJECT_VERSION = 1;
				DEVELOPMENT_TEAM = 8HG4D44UZQ;
				GENERATE_INFOPLIST_FILE = YES;
				IPHONEOS_DEPLOYMENT_TARGET = 18.1;
				MARKETING_VERSION = 1.0;
				PRODUCT_BUNDLE_IDENTIFIER = com.balenet.WidgetDebuggerTests;
				PRODUCT_NAME = "$(TARGET_NAME)";
				SWIFT_EMIT_LOC_STRINGS = NO;
				SWIFT_VERSION = 5.0;
				TARGETED_DEVICE_FAMILY = "1,2";
				TEST_HOST = "$(BUILT_PRODUCTS_DIR)/WidgetDebugger.app/$(BUNDLE_EXECUTABLE_FOLDER_PATH)/WidgetDebugger";
			};
			name = Debug;
		};
		2597A0272ED36EB000D81D27 /* Release */ = {
			isa = XCBuildConfiguration;
			buildSettings = {
				BUNDLE_LOADER = "$(TEST_HOST)";
				CODE_SIGN_STYLE = Automatic;
				CURRENT_PROJECT_VERSION = 1;
				DEVELOPMENT_TEAM = 8HG4D44UZQ;
				GENERATE_INFOPLIST_FILE = YES;
				IPHONEOS_DEPLOYMENT_TARGET = 18.1;
				MARKETING_VERSION = 1.0;
				PRODUCT_BUNDLE_IDENTIFIER = com.balenet.WidgetDebuggerTests;
				PRODUCT_NAME = "$(TARGET_NAME)";
				SWIFT_EMIT_LOC_STRINGS = NO;
				SWIFT_VERSION = 5.0;
				TARGETED_DEVICE_FAMILY = "1,2";
				TEST_HOST = "$(BUILT_PRODUCTS_DIR)/WidgetDebugger.app/$(BUNDLE_EXECUTABLE_FOLDER_PATH)/WidgetDebugger";
			};
			name = Release;
		};
		2597A0292ED36EB000D81D27 /* Debug */ = {
			isa = XCBuildConfiguration;
			buildSettings = {
				CODE_SIGN_STYLE = Automatic;
				CURRENT_PROJECT_VERSION = 1;
				DEVELOPMENT_TEAM = 8HG4D44UZQ;
				GENERATE_INFOPLIST_FILE = YES;
				IPHONEOS_DEPLOYMENT_TARGET = 18.1;
				MARKETING_VERSION = 1.0;
				PRODUCT_BUNDLE_IDENTIFIER = com.balenet.WidgetDebuggerUITests;
				PRODUCT_NAME = "$(TARGET_NAME)";
				SWIFT_EMIT_LOC_STRINGS = NO;
				SWIFT_VERSION = 5.0;
				TARGETED_DEVICE_FAMILY = "1,2";
				TEST_TARGET_NAME = WidgetDebugger;
			};
			name = Debug;
		};
		2597A02A2ED36EB000D81D27 /* Release */ = {
			isa = XCBuildConfiguration;
			buildSettings = {
				CODE_SIGN_STYLE = Automatic;
				CURRENT_PROJECT_VERSION = 1;
				DEVELOPMENT_TEAM = 8HG4D44UZQ;
				GENERATE_INFOPLIST_FILE = YES;
				IPHONEOS_DEPLOYMENT_TARGET = 18.1;
				MARKETING_VERSION = 1.0;
				PRODUCT_BUNDLE_IDENTIFIER = com.balenet.WidgetDebuggerUITests;
				PRODUCT_NAME = "$(TARGET_NAME)";
				SWIFT_EMIT_LOC_STRINGS = NO;
				SWIFT_VERSION = 5.0;
				TARGETED_DEVICE_FAMILY = "1,2";
				TEST_TARGET_NAME = WidgetDebugger;
			};
			name = Release;
		};
		25D19E602BE600930055E70E /* Debug */ = {
			isa = XCBuildConfiguration;
			baseConfigurationReference = 2542B3332EC8594F002492BC /* Config.xcconfig */;
			buildSettings = {
				ALWAYS_SEARCH_USER_PATHS = NO;
				ASSETCATALOG_COMPILER_GENERATE_SWIFT_ASSET_SYMBOL_EXTENSIONS = YES;
				CLANG_ANALYZER_NONNULL = YES;
				CLANG_ANALYZER_NUMBER_OBJECT_CONVERSION = YES_AGGRESSIVE;
				CLANG_CXX_LANGUAGE_STANDARD = "gnu++20";
				CLANG_ENABLE_MODULES = YES;
				CLANG_ENABLE_OBJC_ARC = YES;
				CLANG_ENABLE_OBJC_WEAK = YES;
				CLANG_WARN_BLOCK_CAPTURE_AUTORELEASING = YES;
				CLANG_WARN_BOOL_CONVERSION = YES;
				CLANG_WARN_COMMA = YES;
				CLANG_WARN_CONSTANT_CONVERSION = YES;
				CLANG_WARN_DEPRECATED_OBJC_IMPLEMENTATIONS = YES;
				CLANG_WARN_DIRECT_OBJC_ISA_USAGE = YES_ERROR;
				CLANG_WARN_DOCUMENTATION_COMMENTS = YES;
				CLANG_WARN_EMPTY_BODY = YES;
				CLANG_WARN_ENUM_CONVERSION = YES;
				CLANG_WARN_INFINITE_RECURSION = YES;
				CLANG_WARN_INT_CONVERSION = YES;
				CLANG_WARN_NON_LITERAL_NULL_CONVERSION = YES;
				CLANG_WARN_OBJC_IMPLICIT_RETAIN_SELF = YES;
				CLANG_WARN_OBJC_LITERAL_CONVERSION = YES;
				CLANG_WARN_OBJC_ROOT_CLASS = YES_ERROR;
				CLANG_WARN_QUOTED_INCLUDE_IN_FRAMEWORK_HEADER = YES;
				CLANG_WARN_RANGE_LOOP_ANALYSIS = YES;
				CLANG_WARN_STRICT_PROTOTYPES = YES;
				CLANG_WARN_SUSPICIOUS_MOVE = YES;
				CLANG_WARN_UNGUARDED_AVAILABILITY = YES_AGGRESSIVE;
				CLANG_WARN_UNREACHABLE_CODE = YES;
				CLANG_WARN__DUPLICATE_METHOD_MATCH = YES;
				COPY_PHASE_STRIP = NO;
				DEBUG_INFORMATION_FORMAT = dwarf;
				ENABLE_STRICT_OBJC_MSGSEND = YES;
				ENABLE_TESTABILITY = YES;
				ENABLE_USER_SCRIPT_SANDBOXING = YES;
				GCC_C_LANGUAGE_STANDARD = gnu17;
				GCC_DYNAMIC_NO_PIC = NO;
				GCC_NO_COMMON_BLOCKS = YES;
				GCC_OPTIMIZATION_LEVEL = 0;
				GCC_PREPROCESSOR_DEFINITIONS = (
					"DEBUG=1",
					"$(inherited)",
				);
				GCC_WARN_64_TO_32_BIT_CONVERSION = YES;
				GCC_WARN_ABOUT_RETURN_TYPE = YES_ERROR;
				GCC_WARN_UNDECLARED_SELECTOR = YES;
				GCC_WARN_UNINITIALIZED_AUTOS = YES_AGGRESSIVE;
				GCC_WARN_UNUSED_FUNCTION = YES;
				GCC_WARN_UNUSED_VARIABLE = YES;
				IPHONEOS_DEPLOYMENT_TARGET = 17.4;
				LOCALIZATION_PREFERS_STRING_CATALOGS = YES;
				MTL_ENABLE_DEBUG_INFO = INCLUDE_SOURCE;
				MTL_FAST_MATH = YES;
				ONLY_ACTIVE_ARCH = YES;
				SDKROOT = iphoneos;
				SWIFT_ACTIVE_COMPILATION_CONDITIONS = "DEBUG $(inherited)";
				SWIFT_OPTIMIZATION_LEVEL = "-Onone";
			};
			name = Debug;
		};
		25D19E612BE600930055E70E /* Release */ = {
			isa = XCBuildConfiguration;
			baseConfigurationReference = 2542B3332EC8594F002492BC /* Config.xcconfig */;
			buildSettings = {
				ALWAYS_SEARCH_USER_PATHS = NO;
				ASSETCATALOG_COMPILER_GENERATE_SWIFT_ASSET_SYMBOL_EXTENSIONS = YES;
				CLANG_ANALYZER_NONNULL = YES;
				CLANG_ANALYZER_NUMBER_OBJECT_CONVERSION = YES_AGGRESSIVE;
				CLANG_CXX_LANGUAGE_STANDARD = "gnu++20";
				CLANG_ENABLE_MODULES = YES;
				CLANG_ENABLE_OBJC_ARC = YES;
				CLANG_ENABLE_OBJC_WEAK = YES;
				CLANG_WARN_BLOCK_CAPTURE_AUTORELEASING = YES;
				CLANG_WARN_BOOL_CONVERSION = YES;
				CLANG_WARN_COMMA = YES;
				CLANG_WARN_CONSTANT_CONVERSION = YES;
				CLANG_WARN_DEPRECATED_OBJC_IMPLEMENTATIONS = YES;
				CLANG_WARN_DIRECT_OBJC_ISA_USAGE = YES_ERROR;
				CLANG_WARN_DOCUMENTATION_COMMENTS = YES;
				CLANG_WARN_EMPTY_BODY = YES;
				CLANG_WARN_ENUM_CONVERSION = YES;
				CLANG_WARN_INFINITE_RECURSION = YES;
				CLANG_WARN_INT_CONVERSION = YES;
				CLANG_WARN_NON_LITERAL_NULL_CONVERSION = YES;
				CLANG_WARN_OBJC_IMPLICIT_RETAIN_SELF = YES;
				CLANG_WARN_OBJC_LITERAL_CONVERSION = YES;
				CLANG_WARN_OBJC_ROOT_CLASS = YES_ERROR;
				CLANG_WARN_QUOTED_INCLUDE_IN_FRAMEWORK_HEADER = YES;
				CLANG_WARN_RANGE_LOOP_ANALYSIS = YES;
				CLANG_WARN_STRICT_PROTOTYPES = YES;
				CLANG_WARN_SUSPICIOUS_MOVE = YES;
				CLANG_WARN_UNGUARDED_AVAILABILITY = YES_AGGRESSIVE;
				CLANG_WARN_UNREACHABLE_CODE = YES;
				CLANG_WARN__DUPLICATE_METHOD_MATCH = YES;
				COPY_PHASE_STRIP = NO;
				DEBUG_INFORMATION_FORMAT = "dwarf-with-dsym";
				ENABLE_NS_ASSERTIONS = NO;
				ENABLE_STRICT_OBJC_MSGSEND = YES;
				ENABLE_USER_SCRIPT_SANDBOXING = YES;
				GCC_C_LANGUAGE_STANDARD = gnu17;
				GCC_NO_COMMON_BLOCKS = YES;
				GCC_WARN_64_TO_32_BIT_CONVERSION = YES;
				GCC_WARN_ABOUT_RETURN_TYPE = YES_ERROR;
				GCC_WARN_UNDECLARED_SELECTOR = YES;
				GCC_WARN_UNINITIALIZED_AUTOS = YES_AGGRESSIVE;
				GCC_WARN_UNUSED_FUNCTION = YES;
				GCC_WARN_UNUSED_VARIABLE = YES;
				IPHONEOS_DEPLOYMENT_TARGET = 17.4;
				LOCALIZATION_PREFERS_STRING_CATALOGS = YES;
				MTL_ENABLE_DEBUG_INFO = NO;
				MTL_FAST_MATH = YES;
				SDKROOT = iphoneos;
				SWIFT_COMPILATION_MODE = wholemodule;
				VALIDATE_PRODUCT = YES;
			};
			name = Release;
		};
		25D19E632BE600930055E70E /* Debug */ = {
			isa = XCBuildConfiguration;
			buildSettings = {
				ASSETCATALOG_COMPILER_APPICON_NAME = AppIcon;
				ASSETCATALOG_COMPILER_GLOBAL_ACCENT_COLOR_NAME = AccentColor;
				CODE_SIGN_ENTITLEMENTS = HslWidget/HslWidget.entitlements;
				CODE_SIGN_IDENTITY = "Apple Development";
				"CODE_SIGN_IDENTITY[sdk=iphoneos*]" = "iPhone Distribution";
				CODE_SIGN_STYLE = Manual;
				CURRENT_PROJECT_VERSION = 1;
				DEVELOPMENT_ASSET_PATHS = "\"HslWidget/Preview Content\"";
				DEVELOPMENT_TEAM = "";
				"DEVELOPMENT_TEAM[sdk=iphoneos*]" = 8HG4D44UZQ;
				ENABLE_PREVIEWS = YES;
				GENERATE_INFOPLIST_FILE = YES;
				INFOPLIST_FILE = HslWidget/Info.plist;
				INFOPLIST_KEY_NSLocationWhenInUseUsageDescription = "Your location is used to show departures for the nearest favorite stop in the widget.";
				INFOPLIST_KEY_UIApplicationSceneManifest_Generation = YES;
				INFOPLIST_KEY_UIApplicationSupportsIndirectInputEvents = YES;
				INFOPLIST_KEY_UILaunchScreen_Generation = YES;
				INFOPLIST_KEY_UISupportedInterfaceOrientations_iPad = "UIInterfaceOrientationPortrait UIInterfaceOrientationPortraitUpsideDown UIInterfaceOrientationLandscapeLeft UIInterfaceOrientationLandscapeRight";
				INFOPLIST_KEY_UISupportedInterfaceOrientations_iPhone = "UIInterfaceOrientationPortrait UIInterfaceOrientationLandscapeLeft UIInterfaceOrientationLandscapeRight";
				LD_RUNPATH_SEARCH_PATHS = (
					"$(inherited)",
					"@executable_path/Frameworks",
				);
				MARKETING_VERSION = 1.0;
				PRODUCT_BUNDLE_IDENTIFIER = com.balenet.HslWidget;
				PRODUCT_NAME = "$(TARGET_NAME)";
				PROVISIONING_PROFILE_SPECIFIER = "";
				"PROVISIONING_PROFILE_SPECIFIER[sdk=iphoneos*]" = "HSL Widget app";
				SWIFT_EMIT_LOC_STRINGS = YES;
				SWIFT_VERSION = 5.0;
				TARGETED_DEVICE_FAMILY = "1,2";
			};
			name = Debug;
		};
		25D19E642BE600930055E70E /* Release */ = {
			isa = XCBuildConfiguration;
			buildSettings = {
				ASSETCATALOG_COMPILER_APPICON_NAME = AppIcon;
				ASSETCATALOG_COMPILER_GLOBAL_ACCENT_COLOR_NAME = AccentColor;
				CODE_SIGN_ENTITLEMENTS = HslWidget/HslWidget.entitlements;
				CODE_SIGN_IDENTITY = "Apple Development";
				"CODE_SIGN_IDENTITY[sdk=iphoneos*]" = "iPhone Distribution";
				CODE_SIGN_STYLE = Manual;
				CURRENT_PROJECT_VERSION = 1;
				DEVELOPMENT_ASSET_PATHS = "\"HslWidget/Preview Content\"";
				DEVELOPMENT_TEAM = "";
				"DEVELOPMENT_TEAM[sdk=iphoneos*]" = 8HG4D44UZQ;
				ENABLE_PREVIEWS = YES;
				GENERATE_INFOPLIST_FILE = YES;
				INFOPLIST_FILE = HslWidget/Info.plist;
				INFOPLIST_KEY_NSLocationWhenInUseUsageDescription = "Your location is used to show departures for the nearest favorite stop in the widget.";
				INFOPLIST_KEY_UIApplicationSceneManifest_Generation = YES;
				INFOPLIST_KEY_UIApplicationSupportsIndirectInputEvents = YES;
				INFOPLIST_KEY_UILaunchScreen_Generation = YES;
				INFOPLIST_KEY_UISupportedInterfaceOrientations_iPad = "UIInterfaceOrientationPortrait UIInterfaceOrientationPortraitUpsideDown UIInterfaceOrientationLandscapeLeft UIInterfaceOrientationLandscapeRight";
				INFOPLIST_KEY_UISupportedInterfaceOrientations_iPhone = "UIInterfaceOrientationPortrait UIInterfaceOrientationLandscapeLeft UIInterfaceOrientationLandscapeRight";
				LD_RUNPATH_SEARCH_PATHS = (
					"$(inherited)",
					"@executable_path/Frameworks",
				);
				MARKETING_VERSION = 1.0;
				PRODUCT_BUNDLE_IDENTIFIER = com.balenet.HslWidget;
				PRODUCT_NAME = "$(TARGET_NAME)";
				PROVISIONING_PROFILE_SPECIFIER = "";
				"PROVISIONING_PROFILE_SPECIFIER[sdk=iphoneos*]" = "HSL Widget app";
				SWIFT_EMIT_LOC_STRINGS = YES;
				SWIFT_VERSION = 5.0;
				TARGETED_DEVICE_FAMILY = "1,2";
			};
			name = Release;
		};
		25D19E7B2BE755320055E70E /* Debug */ = {
			isa = XCBuildConfiguration;
			buildSettings = {
				ASSETCATALOG_COMPILER_GLOBAL_ACCENT_COLOR_NAME = AccentColor;
				ASSETCATALOG_COMPILER_WIDGET_BACKGROUND_COLOR_NAME = WidgetBackground;
				CODE_SIGN_ENTITLEMENTS = stopInfoExtension.entitlements;
				"CODE_SIGN_IDENTITY[sdk=iphoneos*]" = "iPhone Distribution";
				CODE_SIGN_STYLE = Manual;
				CURRENT_PROJECT_VERSION = 1;
				DEVELOPMENT_TEAM = "";
				"DEVELOPMENT_TEAM[sdk=iphoneos*]" = 8HG4D44UZQ;
				GENERATE_INFOPLIST_FILE = YES;
				INFOPLIST_FILE = stopInfo/Info.plist;
				INFOPLIST_KEY_CFBundleDisplayName = stopInfo;
				INFOPLIST_KEY_NSHumanReadableCopyright = "";
				INFOPLIST_KEY_NSLocationWhenInUseUsageDescription = "Your location is used to show departures for the nearest favorite stop.";
				LD_RUNPATH_SEARCH_PATHS = (
					"$(inherited)",
					"@executable_path/Frameworks",
					"@executable_path/../../Frameworks",
				);
				MARKETING_VERSION = 1.0;
				PRODUCT_BUNDLE_IDENTIFIER = com.balenet.HslWidget.stopInfo;
				PRODUCT_NAME = "$(TARGET_NAME)";
				PROVISIONING_PROFILE_SPECIFIER = "";
				"PROVISIONING_PROFILE_SPECIFIER[sdk=iphoneos*]" = "HSL Widget widget";
				SKIP_INSTALL = YES;
				SWIFT_EMIT_LOC_STRINGS = YES;
				SWIFT_VERSION = 5.0;
				TARGETED_DEVICE_FAMILY = "1,2";
			};
			name = Debug;
		};
		25D19E7C2BE755320055E70E /* Release */ = {
			isa = XCBuildConfiguration;
			buildSettings = {
				ASSETCATALOG_COMPILER_GLOBAL_ACCENT_COLOR_NAME = AccentColor;
				ASSETCATALOG_COMPILER_WIDGET_BACKGROUND_COLOR_NAME = WidgetBackground;
				CODE_SIGN_ENTITLEMENTS = stopInfoExtension.entitlements;
				CODE_SIGN_IDENTITY = "Apple Development";
				"CODE_SIGN_IDENTITY[sdk=iphoneos*]" = "iPhone Distribution";
				CODE_SIGN_STYLE = Manual;
				CURRENT_PROJECT_VERSION = 1;
				DEVELOPMENT_TEAM = "";
				"DEVELOPMENT_TEAM[sdk=iphoneos*]" = 8HG4D44UZQ;
				GENERATE_INFOPLIST_FILE = YES;
				INFOPLIST_FILE = stopInfo/Info.plist;
				INFOPLIST_KEY_CFBundleDisplayName = stopInfo;
				INFOPLIST_KEY_NSHumanReadableCopyright = "";
				INFOPLIST_KEY_NSLocationWhenInUseUsageDescription = "Your location is used to show departures for the nearest favorite stop.";
				LD_RUNPATH_SEARCH_PATHS = (
					"$(inherited)",
					"@executable_path/Frameworks",
					"@executable_path/../../Frameworks",
				);
				MARKETING_VERSION = 1.0;
				PRODUCT_BUNDLE_IDENTIFIER = com.balenet.HslWidget.stopInfo;
				PRODUCT_NAME = "$(TARGET_NAME)";
				PROVISIONING_PROFILE_SPECIFIER = "";
				"PROVISIONING_PROFILE_SPECIFIER[sdk=iphoneos*]" = "HSL Widget widget";
				SKIP_INSTALL = YES;
				SWIFT_EMIT_LOC_STRINGS = YES;
				SWIFT_VERSION = 5.0;
				TARGETED_DEVICE_FAMILY = "1,2";
			};
			name = Release;
		};
/* End XCBuildConfiguration section */

/* Begin XCConfigurationList section */
		2542B3402EC89D01002492BC /* Build configuration list for PBXNativeTarget "HslWidgetTests" */ = {
			isa = XCConfigurationList;
			buildConfigurations = (
				2542B3412EC89D01002492BC /* Debug */,
				2542B3422EC89D01002492BC /* Release */,
			);
			defaultConfigurationIsVisible = 0;
			defaultConfigurationName = Release;
		};
		2597A0222ED36EB000D81D27 /* Build configuration list for PBXNativeTarget "WidgetDebugger" */ = {
			isa = XCConfigurationList;
			buildConfigurations = (
				2597A0232ED36EB000D81D27 /* Debug */,
				2597A0242ED36EB000D81D27 /* Release */,
			);
			defaultConfigurationIsVisible = 0;
			defaultConfigurationName = Release;
		};
		2597A0252ED36EB000D81D27 /* Build configuration list for PBXNativeTarget "WidgetDebuggerTests" */ = {
			isa = XCConfigurationList;
			buildConfigurations = (
				2597A0262ED36EB000D81D27 /* Debug */,
				2597A0272ED36EB000D81D27 /* Release */,
			);
			defaultConfigurationIsVisible = 0;
			defaultConfigurationName = Release;
		};
		2597A0282ED36EB000D81D27 /* Build configuration list for PBXNativeTarget "WidgetDebuggerUITests" */ = {
			isa = XCConfigurationList;
			buildConfigurations = (
				2597A0292ED36EB000D81D27 /* Debug */,
				2597A02A2ED36EB000D81D27 /* Release */,
			);
			defaultConfigurationIsVisible = 0;
			defaultConfigurationName = Release;
		};
		25D19E4F2BE600920055E70E /* Build configuration list for PBXProject "HslWidget" */ = {
			isa = XCConfigurationList;
			buildConfigurations = (
				25D19E602BE600930055E70E /* Debug */,
				25D19E612BE600930055E70E /* Release */,
			);
			defaultConfigurationIsVisible = 0;
			defaultConfigurationName = Release;
		};
		25D19E622BE600930055E70E /* Build configuration list for PBXNativeTarget "HslWidget" */ = {
			isa = XCConfigurationList;
			buildConfigurations = (
				25D19E632BE600930055E70E /* Debug */,
				25D19E642BE600930055E70E /* Release */,
			);
			defaultConfigurationIsVisible = 0;
			defaultConfigurationName = Release;
		};
		25D19E7A2BE755320055E70E /* Build configuration list for PBXNativeTarget "stopInfoExtension" */ = {
			isa = XCConfigurationList;
			buildConfigurations = (
				25D19E7B2BE755320055E70E /* Debug */,
				25D19E7C2BE755320055E70E /* Release */,
			);
			defaultConfigurationIsVisible = 0;
			defaultConfigurationName = Release;
		};
/* End XCConfigurationList section */
	};
	rootObject = 25D19E4C2BE600920055E70E /* Project object */;
}
